
Microsoft Visual Studio Solution File, Format Version 12.00
# Visual Studio Version 17
VisualStudioVersion = 17.0.31903.59
MinimumVisualStudioVersion = 10.0.40219.1
Project("{2150E333-8FDC-42A3-9474-1A3956D46DE8}") = "src", "src", "{827E0CD3-B72D-47B6-A68D-7590B98EB39B}"
EndProject
Project("{FAE04EC0-301F-11D3-BF4B-00C04F79EFBC}") = "DeviceManagement.Api", "src\DeviceManagement.Api\DeviceManagement.Api.csproj", "{E3B0D463-4EC3-4331-843E-5CC0FC39163C}"
EndProject
Project("{2150E333-8FDC-42A3-9474-1A3956D46DE8}") = "tests", "tests", "{0AB3BF05-4346-4AA6-1389-037BE0695223}"
EndProject
Project("{FAE04EC0-301F-11D3-BF4B-00C04F79EFBC}") = "DeviceManagement.Api.IntegrationTests", "tests\DeviceManagement.Api.IntegrationTests\DeviceManagement.Api.IntegrationTests.csproj", "{E56AB243-78CA-4C2D-9097-76C6DC2D0082}"
EndProject
Project("{54A90642-561A-4BB1-A94E-469ADEE60C69}") = "DeviceManagement.Ui", "src\DeviceManagement.Ui\DeviceManagement.Ui.esproj", "{AF99EB0E-E325-4A49-B2C2-29C48E643C9C}"
EndProject
Project("{FAE04EC0-301F-11D3-BF4B-00C04F79EFBC}") = "DeviceManagement.Api.UnitTests", "tests\DeviceManagement.Api.UnitTests\DeviceManagement.Api.UnitTests.csproj", "{71B343FA-143C-418A-8C41-436A613B0E4D}"
EndProject
Global
	GlobalSection(SolutionConfigurationPlatforms) = preSolution
		Debug|Any CPU = Debug|Any CPU
		Debug|x64 = Debug|x64
		Debug|x86 = Debug|x86
		Release|Any CPU = Release|Any CPU
		Release|x64 = Release|x64
		Release|x86 = Release|x86
	EndGlobalSection
	GlobalSection(ProjectConfigurationPlatforms) = postSolution
		{E3B0D463-4EC3-4331-843E-5CC0FC39163C}.Debug|Any CPU.ActiveCfg = Debug|Any CPU
		{E3B0D463-4EC3-4331-843E-5CC0FC39163C}.Debug|Any CPU.Build.0 = Debug|Any CPU
		{E3B0D463-4EC3-4331-843E-5CC0FC39163C}.Debug|x64.ActiveCfg = Debug|Any CPU
		{E3B0D463-4EC3-4331-843E-5CC0FC39163C}.Debug|x64.Build.0 = Debug|Any CPU
		{E3B0D463-4EC3-4331-843E-5CC0FC39163C}.Debug|x86.ActiveCfg = Debug|Any CPU
		{E3B0D463-4EC3-4331-843E-5CC0FC39163C}.Debug|x86.Build.0 = Debug|Any CPU
		{E3B0D463-4EC3-4331-843E-5CC0FC39163C}.Release|Any CPU.ActiveCfg = Release|Any CPU
		{E3B0D463-4EC3-4331-843E-5CC0FC39163C}.Release|Any CPU.Build.0 = Release|Any CPU
		{E3B0D463-4EC3-4331-843E-5CC0FC39163C}.Release|x64.ActiveCfg = Release|Any CPU
		{E3B0D463-4EC3-4331-843E-5CC0FC39163C}.Release|x64.Build.0 = Release|Any CPU
		{E3B0D463-4EC3-4331-843E-5CC0FC39163C}.Release|x86.ActiveCfg = Release|Any CPU
		{E3B0D463-4EC3-4331-843E-5CC0FC39163C}.Release|x86.Build.0 = Release|Any CPU
		{E56AB243-78CA-4C2D-9097-76C6DC2D0082}.Debug|Any CPU.ActiveCfg = Debug|Any CPU
		{E56AB243-78CA-4C2D-9097-76C6DC2D0082}.Debug|Any CPU.Build.0 = Debug|Any CPU
		{E56AB243-78CA-4C2D-9097-76C6DC2D0082}.Debug|x64.ActiveCfg = Debug|Any CPU
		{E56AB243-78CA-4C2D-9097-76C6DC2D0082}.Debug|x64.Build.0 = Debug|Any CPU
		{E56AB243-78CA-4C2D-9097-76C6DC2D0082}.Debug|x86.ActiveCfg = Debug|Any CPU
		{E56AB243-78CA-4C2D-9097-76C6DC2D0082}.Debug|x86.Build.0 = Debug|Any CPU
		{E56AB243-78CA-4C2D-9097-76C6DC2D0082}.Release|Any CPU.ActiveCfg = Release|Any CPU
		{E56AB243-78CA-4C2D-9097-76C6DC2D0082}.Release|Any CPU.Build.0 = Release|Any CPU
		{E56AB243-78CA-4C2D-9097-76C6DC2D0082}.Release|x64.ActiveCfg = Release|Any CPU
		{E56AB243-78CA-4C2D-9097-76C6DC2D0082}.Release|x64.Build.0 = Release|Any CPU
		{E56AB243-78CA-4C2D-9097-76C6DC2D0082}.Release|x86.ActiveCfg = Release|Any CPU
		{E56AB243-78CA-4C2D-9097-76C6DC2D0082}.Release|x86.Build.0 = Release|Any CPU
		{AF99EB0E-E325-4A49-B2C2-29C48E643C9C}.Debug|Any CPU.ActiveCfg = Debug|Any CPU
		{AF99EB0E-E325-4A49-B2C2-29C48E643C9C}.Debug|x64.ActiveCfg = Debug|Any CPU
		{AF99EB0E-E325-4A49-B2C2-29C48E643C9C}.Debug|x86.ActiveCfg = Debug|Any CPU
		{AF99EB0E-E325-4A49-B2C2-29C48E643C9C}.Release|Any CPU.ActiveCfg = Release|Any CPU
		{AF99EB0E-E325-4A49-B2C2-29C48E643C9C}.Release|x64.ActiveCfg = Release|Any CPU
		{AF99EB0E-E325-4A49-B2C2-29C48E643C9C}.Release|x86.ActiveCfg = Release|Any CPU
		{71B343FA-143C-418A-8C41-436A613B0E4D}.Debug|Any CPU.ActiveCfg = Debug|Any CPU
		{71B343FA-143C-418A-8C41-436A613B0E4D}.Debug|Any CPU.Build.0 = Debug|Any CPU
		{71B343FA-143C-418A-8C41-436A613B0E4D}.Debug|x64.ActiveCfg = Debug|Any CPU
		{71B343FA-143C-418A-8C41-436A613B0E4D}.Debug|x64.Build.0 = Debug|Any CPU
		{71B343FA-143C-418A-8C41-436A613B0E4D}.Debug|x86.ActiveCfg = Debug|Any CPU
		{71B343FA-143C-418A-8C41-436A613B0E4D}.Debug|x86.Build.0 = Debug|Any CPU
		{71B343FA-143C-418A-8C41-436A613B0E4D}.Release|Any CPU.ActiveCfg = Release|Any CPU
		{71B343FA-143C-418A-8C41-436A613B0E4D}.Release|Any CPU.Build.0 = Release|Any CPU
		{71B343FA-143C-418A-8C41-436A613B0E4D}.Release|x64.ActiveCfg = Release|Any CPU
		{71B343FA-143C-418A-8C41-436A613B0E4D}.Release|x64.Build.0 = Release|Any CPU
		{71B343FA-143C-418A-8C41-436A613B0E4D}.Release|x86.ActiveCfg = Release|Any CPU
		{71B343FA-143C-418A-8C41-436A613B0E4D}.Release|x86.Build.0 = Release|Any CPU
	EndGlobalSection
	GlobalSection(SolutionProperties) = preSolution
		HideSolutionNode = FALSE
	EndGlobalSection
	GlobalSection(NestedProjects) = preSolution
		{E3B0D463-4EC3-4331-843E-5CC0FC39163C} = {827E0CD3-B72D-47B6-A68D-7590B98EB39B}
		{E56AB243-78CA-4C2D-9097-76C6DC2D0082} = {0AB3BF05-4346-4AA6-1389-037BE0695223}
		{AF99EB0E-E325-4A49-B2C2-29C48E643C9C} = {827E0CD3-B72D-47B6-A68D-7590B98EB39B}
		{71B343FA-143C-418A-8C41-436A613B0E4D} = {0AB3BF05-4346-4AA6-1389-037BE0695223}
	EndGlobalSection
EndGlobal
